
Microsoft Visual Studio Solution File, Format Version 12.00
# Visual Studio Version 17
VisualStudioVersion = 17.8.34330.188
MinimumVisualStudioVersion = 10.0.40219.1
Project("{FAE04EC0-301F-11D3-BF4B-00C04F79EFBC}") = "SwaggerDemo", "SwaggerDemo\SwaggerDemo.csproj", "{0DB8E5B2-A527-4325-93B2-347674108D8B}"
EndProject
Global
	GlobalSection(SolutionConfigurationPlatforms) = preSolution
		Debug|Any CPU = Debug|Any CPU
		Release|Any CPU = Release|Any CPU
	EndGlobalSection
	GlobalSection(ProjectConfigurationPlatforms) = postSolution
		{0DB8E5B2-A527-4325-93B2-347674108D8B}.Debug|Any CPU.ActiveCfg = Debug|Any CPU
		{0DB8E5B2-A527-4325-93B2-347674108D8B}.Debug|Any CPU.Build.0 = Debug|Any CPU
		{0DB8E5B2-A527-4325-93B2-347674108D8B}.Release|Any CPU.ActiveCfg = Release|Any CPU
		{0DB8E5B2-A527-4325-93B2-347674108D8B}.Release|Any CPU.Build.0 = Release|Any CPU
	EndGlobalSection
	GlobalSection(SolutionProperties) = preSolution
		HideSolutionNode = FALSE
	EndGlobalSection
	GlobalSection(ExtensibilityGlobals) = postSolution
		SolutionGuid = {FC7F48A8-1C64-49DC-AE56-86C68FFB282C}
	EndGlobalSection
EndGlobal
